
Microsoft Visual Studio Solution File, Format Version 12.00
# Visual Studio Version 16
VisualStudioVersion = 16.0.30406.217
MinimumVisualStudioVersion = 10.0.40219.1
Project("{FAE04EC0-301F-11D3-BF4B-00C04F79EFBC}") = "Database Homework", "Database Homework\Database Homework.csproj", "{00316A07-6E45-4DCD-959A-2F9BF3972A94}"
EndProject
Global
	GlobalSection(SolutionConfigurationPlatforms) = preSolution
		Debug|Any CPU = Debug|Any CPU
		Release|Any CPU = Release|Any CPU
	EndGlobalSection
	GlobalSection(ProjectConfigurationPlatforms) = postSolution
		{00316A07-6E45-4DCD-959A-2F9BF3972A94}.Debug|Any CPU.ActiveCfg = Debug|Any CPU
		{00316A07-6E45-4DCD-959A-2F9BF3972A94}.Debug|Any CPU.Build.0 = Debug|Any CPU
		{00316A07-6E45-4DCD-959A-2F9BF3972A94}.Release|Any CPU.ActiveCfg = Release|Any CPU
		{00316A07-6E45-4DCD-959A-2F9BF3972A94}.Release|Any CPU.Build.0 = Release|Any CPU
	EndGlobalSection
	GlobalSection(SolutionProperties) = preSolution
		HideSolutionNode = FALSE
	EndGlobalSection
	GlobalSection(ExtensibilityGlobals) = postSolution
		SolutionGuid = {D0C212EC-D088-4111-8970-89C98CE1C7CC}
	EndGlobalSection
EndGlobal
